// !$*UTF8*$!
{
	archiveVersion = 1;
	classes = {
	};
	objectVersion = 56;
	objects = {

/* Begin PBXBuildFile section */
		1F84BC69290DB9A6009E36C9 /* State_DataFlow_CombineApp.swift in Sources */ = {isa = PBXBuildFile; fileRef = 1F84BC68290DB9A6009E36C9 /* State_DataFlow_CombineApp.swift */; };
		1F84BC6B290DB9A6009E36C9 /* ContentView.swift in Sources */ = {isa = PBXBuildFile; fileRef = 1F84BC6A290DB9A6009E36C9 /* ContentView.swift */; };
		1F84BC6D290DB9A7009E36C9 /* Assets.xcassets in Resources */ = {isa = PBXBuildFile; fileRef = 1F84BC6C290DB9A7009E36C9 /* Assets.xcassets */; };
		1F84BC70290DB9A7009E36C9 /* Preview Assets.xcassets in Resources */ = {isa = PBXBuildFile; fileRef = 1F84BC6F290DB9A7009E36C9 /* Preview Assets.xcassets */; };
		1F84BC77290DB9C1009E36C9 /* RegisterView.swift in Sources */ = {isa = PBXBuildFile; fileRef = 1F84BC76290DB9C1009E36C9 /* RegisterView.swift */; };
		1F84BC79290DB9E4009E36C9 /* TimeCounter.swift in Sources */ = {isa = PBXBuildFile; fileRef = 1F84BC78290DB9E4009E36C9 /* TimeCounter.swift */; };
		1F84BC7D290DBA10009E36C9 /* StarterView.swift in Sources */ = {isa = PBXBuildFile; fileRef = 1F84BC7C290DBA10009E36C9 /* StarterView.swift */; };
		1F84BC7F290DBA47009E36C9 /* UserData.swift in Sources */ = {isa = PBXBuildFile; fileRef = 1F84BC7E290DBA47009E36C9 /* UserData.swift */; };
		1F84BC81290DBA60009E36C9 /* UserManager.swift in Sources */ = {isa = PBXBuildFile; fileRef = 1F84BC80290DBA60009E36C9 /* UserManager.swift */; };
		1F84BC83290DBA7B009E36C9 /* Stoage.swift in Sources */ = {isa = PBXBuildFile; fileRef = 1F84BC82290DBA7B009E36C9 /* Stoage.swift */; };
		1F84BC86290DBED1009E36C9 /* ButtonView.swift in Sources */ = {isa = PBXBuildFile; fileRef = 1F84BC85290DBED1009E36C9 /* ButtonView.swift */; };
/* End PBXBuildFile section */

/* Begin PBXFileReference section */
		1F84BC65290DB9A6009E36C9 /* State,DataFlow,Combine.app */ = {isa = PBXFileReference; explicitFileType = wrapper.application; includeInIndex = 0; path = "State,DataFlow,Combine.app"; sourceTree = BUILT_PRODUCTS_DIR; };
		1F84BC68290DB9A6009E36C9 /* State_DataFlow_CombineApp.swift */ = {isa = PBXFileReference; lastKnownFileType = sourcecode.swift; path = State_DataFlow_CombineApp.swift; sourceTree = "<group>"; };
		1F84BC6A290DB9A6009E36C9 /* ContentView.swift */ = {isa = PBXFileReference; lastKnownFileType = sourcecode.swift; path = ContentView.swift; sourceTree = "<group>"; };
		1F84BC6C290DB9A7009E36C9 /* Assets.xcassets */ = {isa = PBXFileReference; lastKnownFileType = folder.assetcatalog; path = Assets.xcassets; sourceTree = "<group>"; };
		1F84BC6F290DB9A7009E36C9 /* Preview Assets.xcassets */ = {isa = PBXFileReference; lastKnownFileType = folder.assetcatalog; path = "Preview Assets.xcassets"; sourceTree = "<group>"; };
		1F84BC76290DB9C1009E36C9 /* RegisterView.swift */ = {isa = PBXFileReference; lastKnownFileType = sourcecode.swift; path = RegisterView.swift; sourceTree = "<group>"; };
		1F84BC78290DB9E4009E36C9 /* TimeCounter.swift */ = {isa = PBXFileReference; lastKnownFileType = sourcecode.swift; path = TimeCounter.swift; sourceTree = "<group>"; };
		1F84BC7C290DBA10009E36C9 /* StarterView.swift */ = {isa = PBXFileReference; lastKnownFileType = sourcecode.swift; path = StarterView.swift; sourceTree = "<group>"; };
		1F84BC7E290DBA47009E36C9 /* UserData.swift */ = {isa = PBXFileReference; lastKnownFileType = sourcecode.swift; path = UserData.swift; sourceTree = "<group>"; };
		1F84BC80290DBA60009E36C9 /* UserManager.swift */ = {isa = PBXFileReference; lastKnownFileType = sourcecode.swift; path = UserManager.swift; sourceTree = "<group>"; };
		1F84BC82290DBA7B009E36C9 /* Stoage.swift */ = {isa = PBXFileReference; lastKnownFileType = sourcecode.swift; path = Stoage.swift; sourceTree = "<group>"; };
		1F84BC85290DBED1009E36C9 /* ButtonView.swift */ = {isa = PBXFileReference; lastKnownFileType = sourcecode.swift; path = ButtonView.swift; sourceTree = "<group>"; };
/* End PBXFileReference section */

/* Begin PBXFrameworksBuildPhase section */
		1F84BC62290DB9A6009E36C9 /* Frameworks */ = {
			isa = PBXFrameworksBuildPhase;
			buildActionMask = 2147483647;
			files = (
			);
			runOnlyForDeploymentPostprocessing = 0;
		};
/* End PBXFrameworksBuildPhase section */

/* Begin PBXGroup section */
		1F84BC5C290DB9A6009E36C9 = {
			isa = PBXGroup;
			children = (
				1F84BC67290DB9A6009E36C9 /* State,DataFlow,Combine */,
				1F84BC66290DB9A6009E36C9 /* Products */,
			);
			sourceTree = "<group>";
		};
		1F84BC66290DB9A6009E36C9 /* Products */ = {
			isa = PBXGroup;
			children = (
				1F84BC65290DB9A6009E36C9 /* State,DataFlow,Combine.app */,
			);
			name = Products;
			sourceTree = "<group>";
		};
		1F84BC67290DB9A6009E36C9 /* State,DataFlow,Combine */ = {
			isa = PBXGroup;
			children = (
				1F84BC68290DB9A6009E36C9 /* State_DataFlow_CombineApp.swift */,
				1F84BC7C290DBA10009E36C9 /* StarterView.swift */,
				1F84BC6A290DB9A6009E36C9 /* ContentView.swift */,
				1F84BC76290DB9C1009E36C9 /* RegisterView.swift */,
				1F84BC85290DBED1009E36C9 /* ButtonView.swift */,
				1F84BC84290DBA82009E36C9 /* Manager */,
				1F84BC6C290DB9A7009E36C9 /* Assets.xcassets */,
				1F84BC78290DB9E4009E36C9 /* TimeCounter.swift */,
				1F84BC6E290DB9A7009E36C9 /* Preview Content */,
			);
			path = "State,DataFlow,Combine";
			sourceTree = "<group>";
		};
		1F84BC6E290DB9A7009E36C9 /* Preview Content */ = {
			isa = PBXGroup;
			children = (
				1F84BC6F290DB9A7009E36C9 /* Preview Assets.xcassets */,
			);
			path = "Preview Content";
			sourceTree = "<group>";
		};
		1F84BC84290DBA82009E36C9 /* Manager */ = {
			isa = PBXGroup;
			children = (
				1F84BC7E290DBA47009E36C9 /* UserData.swift */,
				1F84BC80290DBA60009E36C9 /* UserManager.swift */,
				1F84BC82290DBA7B009E36C9 /* Stoage.swift */,
			);
			path = Manager;
			sourceTree = "<group>";
		};
/* End PBXGroup section */

/* Begin PBXNativeTarget section */
		1F84BC64290DB9A6009E36C9 /* State,DataFlow,Combine */ = {
			isa = PBXNativeTarget;
			buildConfigurationList = 1F84BC73290DB9A7009E36C9 /* Build configuration list for PBXNativeTarget "State,DataFlow,Combine" */;
			buildPhases = (
				1F84BC61290DB9A6009E36C9 /* Sources */,
				1F84BC62290DB9A6009E36C9 /* Frameworks */,
				1F84BC63290DB9A6009E36C9 /* Resources */,
			);
			buildRules = (
			);
			dependencies = (
			);
			name = "State,DataFlow,Combine";
			productName = "State,DataFlow,Combine";
			productReference = 1F84BC65290DB9A6009E36C9 /* State,DataFlow,Combine.app */;
			productType = "com.apple.product-type.application";
		};
/* End PBXNativeTarget section */

/* Begin PBXProject section */
		1F84BC5D290DB9A6009E36C9 /* Project object */ = {
			isa = PBXProject;
			attributes = {
				BuildIndependentTargetsInParallel = 1;
				LastSwiftUpdateCheck = 1400;
				LastUpgradeCheck = 1400;
				TargetAttributes = {
					1F84BC64290DB9A6009E36C9 = {
						CreatedOnToolsVersion = 14.0.1;
					};
				};
			};
			buildConfigurationList = 1F84BC60290DB9A6009E36C9 /* Build configuration list for PBXProject "State,DataFlow,Combine" */;
			compatibilityVersion = "Xcode 14.0";
			developmentRegion = en;
			hasScannedForEncodings = 0;
			knownRegions = (
				en,
				Base,
			);
			mainGroup = 1F84BC5C290DB9A6009E36C9;
			productRefGroup = 1F84BC66290DB9A6009E36C9 /* Products */;
			projectDirPath = "";
			projectRoot = "";
			targets = (
				1F84BC64290DB9A6009E36C9 /* State,DataFlow,Combine */,
			);
		};
/* End PBXProject section */

/* Begin PBXResourcesBuildPhase section */
		1F84BC63290DB9A6009E36C9 /* Resources */ = {
			isa = PBXResourcesBuildPhase;
			buildActionMask = 2147483647;
			files = (
				1F84BC70290DB9A7009E36C9 /* Preview Assets.xcassets in Resources */,
				1F84BC6D290DB9A7009E36C9 /* Assets.xcassets in Resources */,
			);
			runOnlyForDeploymentPostprocessing = 0;
		};
/* End PBXResourcesBuildPhase section */

/* Begin PBXSourcesBuildPhase section */
		1F84BC61290DB9A6009E36C9 /* Sources */ = {
			isa = PBXSourcesBuildPhase;
			buildActionMask = 2147483647;
			files = (
				1F84BC7F290DBA47009E36C9 /* UserData.swift in Sources */,
				1F84BC77290DB9C1009E36C9 /* RegisterView.swift in Sources */,
				1F84BC83290DBA7B009E36C9 /* Stoage.swift in Sources */,
				1F84BC81290DBA60009E36C9 /* UserManager.swift in Sources */,
				1F84BC7D290DBA10009E36C9 /* StarterView.swift in Sources */,
				1F84BC6B290DB9A6009E36C9 /* ContentView.swift in Sources */,
				1F84BC69290DB9A6009E36C9 /* State_DataFlow_CombineApp.swift in Sources */,
				1F84BC79290DB9E4009E36C9 /* TimeCounter.swift in Sources */,
				1F84BC86290DBED1009E36C9 /* ButtonView.swift in Sources */,
			);
			runOnlyForDeploymentPostprocessing = 0;
		};
/* End PBXSourcesBuildPhase section */

/* Begin XCBuildConfiguration section */
		1F84BC71290DB9A7009E36C9 /* Debug */ = {
			isa = XCBuildConfiguration;
			buildSettings = {
				ALWAYS_SEARCH_USER_PATHS = NO;
				CLANG_ANALYZER_NONNULL = YES;
				CLANG_ANALYZER_NUMBER_OBJECT_CONVERSION = YES_AGGRESSIVE;
				CLANG_CXX_LANGUAGE_STANDARD = "gnu++20";
				CLANG_ENABLE_MODULES = YES;
				CLANG_ENABLE_OBJC_ARC = YES;
				CLANG_ENABLE_OBJC_WEAK = YES;
				CLANG_WARN_BLOCK_CAPTURE_AUTORELEASING = YES;
				CLANG_WARN_BOOL_CONVERSION = YES;
				CLANG_WARN_COMMA = YES;
				CLANG_WARN_CONSTANT_CONVERSION = YES;
				CLANG_WARN_DEPRECATED_OBJC_IMPLEMENTATIONS = YES;
				CLANG_WARN_DIRECT_OBJC_ISA_USAGE = YES_ERROR;
				CLANG_WARN_DOCUMENTATION_COMMENTS = YES;
				CLANG_WARN_EMPTY_BODY = YES;
				CLANG_WARN_ENUM_CONVERSION = YES;
				CLANG_WARN_INFINITE_RECURSION = YES;
				CLANG_WARN_INT_CONVERSION = YES;
				CLANG_WARN_NON_LITERAL_NULL_CONVERSION = YES;
				CLANG_WARN_OBJC_IMPLICIT_RETAIN_SELF = YES;
				CLANG_WARN_OBJC_LITERAL_CONVERSION = YES;
				CLANG_WARN_OBJC_ROOT_CLASS = YES_ERROR;
				CLANG_WARN_QUOTED_INCLUDE_IN_FRAMEWORK_HEADER = YES;
				CLANG_WARN_RANGE_LOOP_ANALYSIS = YES;
				CLANG_WARN_STRICT_PROTOTYPES = YES;
				CLANG_WARN_SUSPICIOUS_MOVE = YES;
				CLANG_WARN_UNGUARDED_AVAILABILITY = YES_AGGRESSIVE;
				CLANG_WARN_UNREACHABLE_CODE = YES;
				CLANG_WARN__DUPLICATE_METHOD_MATCH = YES;
				COPY_PHASE_STRIP = NO;
				DEBUG_INFORMATION_FORMAT = dwarf;
				ENABLE_STRICT_OBJC_MSGSEND = YES;
				ENABLE_TESTABILITY = YES;
				GCC_C_LANGUAGE_STANDARD = gnu11;
				GCC_DYNAMIC_NO_PIC = NO;
				GCC_NO_COMMON_BLOCKS = YES;
				GCC_OPTIMIZATION_LEVEL = 0;
				GCC_PREPROCESSOR_DEFINITIONS = (
					"DEBUG=1",
					"$(inherited)",
				);
				GCC_WARN_64_TO_32_BIT_CONVERSION = YES;
				GCC_WARN_ABOUT_RETURN_TYPE = YES_ERROR;
				GCC_WARN_UNDECLARED_SELECTOR = YES;
				GCC_WARN_UNINITIALIZED_AUTOS = YES_AGGRESSIVE;
				GCC_WARN_UNUSED_FUNCTION = YES;
				GCC_WARN_UNUSED_VARIABLE = YES;
				IPHONEOS_DEPLOYMENT_TARGET = 16.0;
				MTL_ENABLE_DEBUG_INFO = INCLUDE_SOURCE;
				MTL_FAST_MATH = YES;
				ONLY_ACTIVE_ARCH = YES;
				SDKROOT = iphoneos;
				SWIFT_ACTIVE_COMPILATION_CONDITIONS = DEBUG;
				SWIFT_OPTIMIZATION_LEVEL = "-Onone";
			};
			name = Debug;
		};
		1F84BC72290DB9A7009E36C9 /* Release */ = {
			isa = XCBuildConfiguration;
			buildSettings = {
				ALWAYS_SEARCH_USER_PATHS = NO;
				CLANG_ANALYZER_NONNULL = YES;
				CLANG_ANALYZER_NUMBER_OBJECT_CONVERSION = YES_AGGRESSIVE;
				CLANG_CXX_LANGUAGE_STANDARD = "gnu++20";
				CLANG_ENABLE_MODULES = YES;
				CLANG_ENABLE_OBJC_ARC = YES;
				CLANG_ENABLE_OBJC_WEAK = YES;
				CLANG_WARN_BLOCK_CAPTURE_AUTORELEASING = YES;
				CLANG_WARN_BOOL_CONVERSION = YES;
				CLANG_WARN_COMMA = YES;
				CLANG_WARN_CONSTANT_CONVERSION = YES;
				CLANG_WARN_DEPRECATED_OBJC_IMPLEMENTATIONS = YES;
				CLANG_WARN_DIRECT_OBJC_ISA_USAGE = YES_ERROR;
				CLANG_WARN_DOCUMENTATION_COMMENTS = YES;
				CLANG_WARN_EMPTY_BODY = YES;
				CLANG_WARN_ENUM_CONVERSION = YES;
				CLANG_WARN_INFINITE_RECURSION = YES;
				CLANG_WARN_INT_CONVERSION = YES;
				CLANG_WARN_NON_LITERAL_NULL_CONVERSION = YES;
				CLANG_WARN_OBJC_IMPLICIT_RETAIN_SELF = YES;
				CLANG_WARN_OBJC_LITERAL_CONVERSION = YES;
				CLANG_WARN_OBJC_ROOT_CLASS = YES_ERROR;
				CLANG_WARN_QUOTED_INCLUDE_IN_FRAMEWORK_HEADER = YES;
				CLANG_WARN_RANGE_LOOP_ANALYSIS = YES;
				CLANG_WARN_STRICT_PROTOTYPES = YES;
				CLANG_WARN_SUSPICIOUS_MOVE = YES;
				CLANG_WARN_UNGUARDED_AVAILABILITY = YES_AGGRESSIVE;
				CLANG_WARN_UNREACHABLE_CODE = YES;
				CLANG_WARN__DUPLICATE_METHOD_MATCH = YES;
				COPY_PHASE_STRIP = NO;
				DEBUG_INFORMATION_FORMAT = "dwarf-with-dsym";
				ENABLE_NS_ASSERTIONS = NO;
				ENABLE_STRICT_OBJC_MSGSEND = YES;
				GCC_C_LANGUAGE_STANDARD = gnu11;
				GCC_NO_COMMON_BLOCKS = YES;
				GCC_WARN_64_TO_32_BIT_CONVERSION = YES;
				GCC_WARN_ABOUT_RETURN_TYPE = YES_ERROR;
				GCC_WARN_UNDECLARED_SELECTOR = YES;
				GCC_WARN_UNINITIALIZED_AUTOS = YES_AGGRESSIVE;
				GCC_WARN_UNUSED_FUNCTION = YES;
				GCC_WARN_UNUSED_VARIABLE = YES;
				IPHONEOS_DEPLOYMENT_TARGET = 16.0;
				MTL_ENABLE_DEBUG_INFO = NO;
				MTL_FAST_MATH = YES;
				SDKROOT = iphoneos;
				SWIFT_COMPILATION_MODE = wholemodule;
				SWIFT_OPTIMIZATION_LEVEL = "-O";
				VALIDATE_PRODUCT = YES;
			};
			name = Release;
		};
		1F84BC74290DB9A7009E36C9 /* Debug */ = {
			isa = XCBuildConfiguration;
			buildSettings = {
				ASSETCATALOG_COMPILER_APPICON_NAME = AppIcon;
				ASSETCATALOG_COMPILER_GLOBAL_ACCENT_COLOR_NAME = AccentColor;
				CODE_SIGN_STYLE = Automatic;
				CURRENT_PROJECT_VERSION = 1;
				DEVELOPMENT_ASSET_PATHS = "\"State,DataFlow,Combine/Preview Content\"";
				DEVELOPMENT_TEAM = 3Y6F75U8FC;
				ENABLE_PREVIEWS = YES;
				GENERATE_INFOPLIST_FILE = YES;
				INFOPLIST_KEY_UIApplicationSceneManifest_Generation = YES;
				INFOPLIST_KEY_UIApplicationSupportsIndirectInputEvents = YES;
				INFOPLIST_KEY_UILaunchScreen_Generation = YES;
				INFOPLIST_KEY_UISupportedInterfaceOrientations_iPad = "UIInterfaceOrientationPortrait UIInterfaceOrientationPortraitUpsideDown UIInterfaceOrientationLandscapeLeft UIInterfaceOrientationLandscapeRight";
				INFOPLIST_KEY_UISupportedInterfaceOrientations_iPhone = "UIInterfaceOrientationPortrait UIInterfaceOrientationLandscapeLeft UIInterfaceOrientationLandscapeRight";
				LD_RUNPATH_SEARCH_PATHS = (
					"$(inherited)",
					"@executable_path/Frameworks",
				);
				MARKETING_VERSION = 1.0;
				PRODUCT_BUNDLE_IDENTIFIER = "A.Gnilitskiy.State-DataFlow-Combine";
				PRODUCT_NAME = "$(TARGET_NAME)";
				SWIFT_EMIT_LOC_STRINGS = YES;
				SWIFT_VERSION = 5.0;
				TARGETED_DEVICE_FAMILY = "1,2";
			};
			name = Debug;
		};
		1F84BC75290DB9A7009E36C9 /* Release */ = {
			isa = XCBuildConfiguration;
			buildSettings = {
				ASSETCATALOG_COMPILER_APPICON_NAME = AppIcon;
				ASSETCATALOG_COMPILER_GLOBAL_ACCENT_COLOR_NAME = AccentColor;
				CODE_SIGN_STYLE = Automatic;
				CURRENT_PROJECT_VERSION = 1;
				DEVELOPMENT_ASSET_PATHS = "\"State,DataFlow,Combine/Preview Content\"";
				DEVELOPMENT_TEAM = 3Y6F75U8FC;
				ENABLE_PREVIEWS = YES;
				GENERATE_INFOPLIST_FILE = YES;
				INFOPLIST_KEY_UIApplicationSceneManifest_Generation = YES;
				INFOPLIST_KEY_UIApplicationSupportsIndirectInputEvents = YES;
				INFOPLIST_KEY_UILaunchScreen_Generation = YES;
				INFOPLIST_KEY_UISupportedInterfaceOrientations_iPad = "UIInterfaceOrientationPortrait UIInterfaceOrientationPortraitUpsideDown UIInterfaceOrientationLandscapeLeft UIInterfaceOrientationLandscapeRight";
				INFOPLIST_KEY_UISupportedInterfaceOrientations_iPhone = "UIInterfaceOrientationPortrait UIInterfaceOrientationLandscapeLeft UIInterfaceOrientationLandscapeRight";
				LD_RUNPATH_SEARCH_PATHS = (
					"$(inherited)",
					"@executable_path/Frameworks",
				);
				MARKETING_VERSION = 1.0;
				PRODUCT_BUNDLE_IDENTIFIER = "A.Gnilitskiy.State-DataFlow-Combine";
				PRODUCT_NAME = "$(TARGET_NAME)";
				SWIFT_EMIT_LOC_STRINGS = YES;
				SWIFT_VERSION = 5.0;
				TARGETED_DEVICE_FAMILY = "1,2";
			};
			name = Release;
		};
/* End XCBuildConfiguration section */

/* Begin XCConfigurationList section */
		1F84BC60290DB9A6009E36C9 /* Build configuration list for PBXProject "State,DataFlow,Combine" */ = {
			isa = XCConfigurationList;
			buildConfigurations = (
				1F84BC71290DB9A7009E36C9 /* Debug */,
				1F84BC72290DB9A7009E36C9 /* Release */,
			);
			defaultConfigurationIsVisible = 0;
			defaultConfigurationName = Release;
		};
		1F84BC73290DB9A7009E36C9 /* Build configuration list for PBXNativeTarget "State,DataFlow,Combine" */ = {
			isa = XCConfigurationList;
			buildConfigurations = (
				1F84BC74290DB9A7009E36C9 /* Debug */,
				1F84BC75290DB9A7009E36C9 /* Release */,
			);
			defaultConfigurationIsVisible = 0;
			defaultConfigurationName = Release;
		};
/* End XCConfigurationList section */
	};
	rootObject = 1F84BC5D290DB9A6009E36C9 /* Project object */;
}
